{
  "name": "vuloforeverui-tools",
  "lockfileVersion": 3,
  "requires": true,
  "packages": {
    "": {
      "name": "vuloforeverui-tools",
      "dependencies": {
        "luaparse": "^0.3.1"
      },
      "devDependencies": {
        "wow-secret-lint": "^1.7.0"
      }
    },
    "node_modules/luaparse": {
      "version": "0.3.1",
      "resolved": "https://registry.npmjs.org/luaparse/-/luaparse-0.3.1.tgz",
      "integrity": "sha512-b21h2bFEbtGXmVqguHogbyrMAA0wOHyp9u/rx+w6Yc9pW1t9YjhGUsp87lYcp7pFRqSWN/PhFkrdIqKEUzRjjQ==",
      "license": "MIT",
      "bin": {
        "luaparse": "bin/luaparse"
      }
    },
    "node_modules/wow-secret-lint": {
      "version": "1.7.0",
      "resolved": "https://registry.npmjs.org/wow-secret-lint/-/wow-secret-lint-1.7.0.tgz",
      "integrity": "sha512-JFr9U769lK77GOdmyXmPynUiYgonJ5sGFAVyZMU4heScefm4TW6tBkeXPXI6t1VGaNoR/oegJ+Wuq+0pBRpPcQ==",
      "dev": true,
      "license": "MIT",
      "dependencies": {
        "luaparse": "^0.3.1"
      },
      "bin": {
        "wow-secret-lint": "bin/wow-secret-lint.mjs"
      },
      "engines": {
        "node": ">=20"
      }
    }
  }
}
